
Microsoft Visual Studio Solution File, Format Version 12.00
# Visual Studio Version 17
VisualStudioVersion = 17.0.31903.59
MinimumVisualStudioVersion = 10.0.40219.1
Project("{FAE04EC0-301F-11D3-BF4B-00C04F79EFBC}") = "EshopApi", "EshopApi\EshopApi.csproj", "{B6D27D09-137C-4649-B621-72D299ADE98C}"
EndProject
Project("{FAE04EC0-301F-11D3-BF4B-00C04F79EFBC}") = "EshopApiTest", "EshopApiTest\EshopApiTest.csproj", "{12451DFE-E095-4056-9BA2-6146873599B9}"
EndProject
Global
	GlobalSection(SolutionConfigurationPlatforms) = preSolution
		Debug|Any CPU = Debug|Any CPU
		Release|Any CPU = Release|Any CPU
	EndGlobalSection
	GlobalSection(SolutionProperties) = preSolution
		HideSolutionNode = FALSE
	EndGlobalSection
	GlobalSection(ProjectConfigurationPlatforms) = postSolution
		{B6D27D09-137C-4649-B621-72D299ADE98C}.Debug|Any CPU.ActiveCfg = Debug|Any CPU
		{B6D27D09-137C-4649-B621-72D299ADE98C}.Debug|Any CPU.Build.0 = Debug|Any CPU
		{B6D27D09-137C-4649-B621-72D299ADE98C}.Release|Any CPU.ActiveCfg = Release|Any CPU
		{B6D27D09-137C-4649-B621-72D299ADE98C}.Release|Any CPU.Build.0 = Release|Any CPU
		{12451DFE-E095-4056-9BA2-6146873599B9}.Debug|Any CPU.ActiveCfg = Debug|Any CPU
		{12451DFE-E095-4056-9BA2-6146873599B9}.Debug|Any CPU.Build.0 = Debug|Any CPU
		{12451DFE-E095-4056-9BA2-6146873599B9}.Release|Any CPU.ActiveCfg = Release|Any CPU
		{12451DFE-E095-4056-9BA2-6146873599B9}.Release|Any CPU.Build.0 = Release|Any CPU
	EndGlobalSection
EndGlobal
